
Microsoft Visual Studio Solution File, Format Version 12.00
# Visual Studio Version 17
VisualStudioVersion = 17.0.31903.59
MinimumVisualStudioVersion = 10.0.40219.1
Project("{2150E333-8FDC-42A3-9474-1A3956D46DE8}") = "src", "src", "{7926782C-DD5F-4172-8BD5-46286B629B5A}"
EndProject
Project("{FAE04EC0-301F-11D3-BF4B-00C04F79EFBC}") = "app", "src\app\app.csproj", "{93B13DAE-3EAF-4E54-8767-3AEC22546A6B}"
EndProject
Project("{FAE04EC0-301F-11D3-BF4B-00C04F79EFBC}") = "console", "src\console\console.csproj", "{FC0C0DF5-6568-41BE-8200-E35AA7DF41E5}"
EndProject
Global
	GlobalSection(SolutionConfigurationPlatforms) = preSolution
		Debug|Any CPU = Debug|Any CPU
		Release|Any CPU = Release|Any CPU
	EndGlobalSection
	GlobalSection(SolutionProperties) = preSolution
		HideSolutionNode = FALSE
	EndGlobalSection
	GlobalSection(ProjectConfigurationPlatforms) = postSolution
		{93B13DAE-3EAF-4E54-8767-3AEC22546A6B}.Debug|Any CPU.ActiveCfg = Debug|Any CPU
		{93B13DAE-3EAF-4E54-8767-3AEC22546A6B}.Debug|Any CPU.Build.0 = Debug|Any CPU
		{93B13DAE-3EAF-4E54-8767-3AEC22546A6B}.Release|Any CPU.ActiveCfg = Release|Any CPU
		{93B13DAE-3EAF-4E54-8767-3AEC22546A6B}.Release|Any CPU.Build.0 = Release|Any CPU
		{FC0C0DF5-6568-41BE-8200-E35AA7DF41E5}.Debug|Any CPU.ActiveCfg = Debug|Any CPU
		{FC0C0DF5-6568-41BE-8200-E35AA7DF41E5}.Debug|Any CPU.Build.0 = Debug|Any CPU
		{FC0C0DF5-6568-41BE-8200-E35AA7DF41E5}.Release|Any CPU.ActiveCfg = Release|Any CPU
		{FC0C0DF5-6568-41BE-8200-E35AA7DF41E5}.Release|Any CPU.Build.0 = Release|Any CPU
	EndGlobalSection
	GlobalSection(NestedProjects) = preSolution
		{93B13DAE-3EAF-4E54-8767-3AEC22546A6B} = {7926782C-DD5F-4172-8BD5-46286B629B5A}
		{FC0C0DF5-6568-41BE-8200-E35AA7DF41E5} = {7926782C-DD5F-4172-8BD5-46286B629B5A}
	EndGlobalSection
EndGlobal
